// !$*UTF8*$!
{
	archiveVersion = 1;
	classes = {
	};
	objectVersion = 56;
	objects = {

/* Begin PBXBuildFile section */
		3651C4382DAA8BF800062B3D /* AppDelegate.swift in Sources */ = {isa = PBXBuildFile; fileRef = 3651C4372DAA8BF800062B3D /* AppDelegate.swift */; };
		3651C43A2DAA8BF800062B3D /* SceneDelegate.swift in Sources */ = {isa = PBXBuildFile; fileRef = 3651C4392DAA8BF800062B3D /* SceneDelegate.swift */; };
		3651C43C2DAA8BF800062B3D /* ViewController.swift in Sources */ = {isa = PBXBuildFile; fileRef = 3651C43B2DAA8BF800062B3D /* ViewController.swift */; };
		3651C43F2DAA8BF800062B3D /* Main.storyboard in Resources */ = {isa = PBXBuildFile; fileRef = 3651C43D2DAA8BF800062B3D /* Main.storyboard */; };
		3651C4412DAA8BFB00062B3D /* Assets.xcassets in Resources */ = {isa = PBXBuildFile; fileRef = 3651C4402DAA8BFB00062B3D /* Assets.xcassets */; };
		3651C4442DAA8BFB00062B3D /* LaunchScreen.storyboard in Resources */ = {isa = PBXBuildFile; fileRef = 3651C4422DAA8BFB00062B3D /* LaunchScreen.storyboard */; };
		3651C44C2DAAAC3800062B3D /* AddPersonViewController.swift in Sources */ = {isa = PBXBuildFile; fileRef = 3651C44B2DAAAC3800062B3D /* AddPersonViewController.swift */; };
		3651C44E2DAABBC000062B3D /* Person.swift in Sources */ = {isa = PBXBuildFile; fileRef = 3651C44D2DAABBC000062B3D /* Person.swift */; };
		3651C4502DAABCEC00062B3D /* TableViewController.swift in Sources */ = {isa = PBXBuildFile; fileRef = 3651C44F2DAABCEC00062B3D /* TableViewController.swift */; };
		3651C4522DAACE8C00062B3D /* DetailViewController.swift in Sources */ = {isa = PBXBuildFile; fileRef = 3651C4512DAACE8C00062B3D /* DetailViewController.swift */; };
		365CB3562DABF88400D137B6 /* CustomTableViewCell.swift in Sources */ = {isa = PBXBuildFile; fileRef = 365CB3552DABF88400D137B6 /* CustomTableViewCell.swift */; };
		3CD41A65B337371CE9C2E3F5 /* Pods_ContactsApp.framework in Frameworks */ = {isa = PBXBuildFile; fileRef = 6D726D2A95A43B785ACA034C /* Pods_ContactsApp.framework */; };
		8AA02D222DAD0E760035EEC5 /* Realm in Frameworks */ = {isa = PBXBuildFile; productRef = 8AA02D212DAD0E760035EEC5 /* Realm */; };
		8AA02D242DAD0E760035EEC5 /* RealmSwift in Frameworks */ = {isa = PBXBuildFile; productRef = 8AA02D232DAD0E760035EEC5 /* RealmSwift */; };
/* End PBXBuildFile section */

/* Begin PBXFileReference section */
		3651C4342DAA8BF800062B3D /* ContactsApp.app */ = {isa = PBXFileReference; explicitFileType = wrapper.application; includeInIndex = 0; path = ContactsApp.app; sourceTree = BUILT_PRODUCTS_DIR; };
		3651C4372DAA8BF800062B3D /* AppDelegate.swift */ = {isa = PBXFileReference; lastKnownFileType = sourcecode.swift; path = AppDelegate.swift; sourceTree = "<group>"; };
		3651C4392DAA8BF800062B3D /* SceneDelegate.swift */ = {isa = PBXFileReference; lastKnownFileType = sourcecode.swift; path = SceneDelegate.swift; sourceTree = "<group>"; };
		3651C43B2DAA8BF800062B3D /* ViewController.swift */ = {isa = PBXFileReference; lastKnownFileType = sourcecode.swift; path = ViewController.swift; sourceTree = "<group>"; };
		3651C43E2DAA8BF800062B3D /* Base */ = {isa = PBXFileReference; lastKnownFileType = file.storyboard; name = Base; path = Base.lproj/Main.storyboard; sourceTree = "<group>"; };
		3651C4402DAA8BFB00062B3D /* Assets.xcassets */ = {isa = PBXFileReference; lastKnownFileType = folder.assetcatalog; path = Assets.xcassets; sourceTree = "<group>"; };
		3651C4432DAA8BFB00062B3D /* Base */ = {isa = PBXFileReference; lastKnownFileType = file.storyboard; name = Base; path = Base.lproj/LaunchScreen.storyboard; sourceTree = "<group>"; };
		3651C4452DAA8BFB00062B3D /* Info.plist */ = {isa = PBXFileReference; lastKnownFileType = text.plist.xml; path = Info.plist; sourceTree = "<group>"; };
		3651C44B2DAAAC3800062B3D /* AddPersonViewController.swift */ = {isa = PBXFileReference; lastKnownFileType = sourcecode.swift; path = AddPersonViewController.swift; sourceTree = "<group>"; };
		3651C44D2DAABBC000062B3D /* Person.swift */ = {isa = PBXFileReference; lastKnownFileType = sourcecode.swift; path = Person.swift; sourceTree = "<group>"; };
		3651C44F2DAABCEC00062B3D /* TableViewController.swift */ = {isa = PBXFileReference; lastKnownFileType = sourcecode.swift; path = TableViewController.swift; sourceTree = "<group>"; };
		3651C4512DAACE8C00062B3D /* DetailViewController.swift */ = {isa = PBXFileReference; lastKnownFileType = sourcecode.swift; path = DetailViewController.swift; sourceTree = "<group>"; };
		365CB3552DABF88400D137B6 /* CustomTableViewCell.swift */ = {isa = PBXFileReference; fileEncoding = 4; lastKnownFileType = sourcecode.swift; path = CustomTableViewCell.swift; sourceTree = SOURCE_ROOT; };
		42EF58838C52CA76B493469D /* Pods-ContactsApp.release.xcconfig */ = {isa = PBXFileReference; includeInIndex = 1; lastKnownFileType = text.xcconfig; name = "Pods-ContactsApp.release.xcconfig"; path = "Target Support Files/Pods-ContactsApp/Pods-ContactsApp.release.xcconfig"; sourceTree = "<group>"; };
		6D726D2A95A43B785ACA034C /* Pods_ContactsApp.framework */ = {isa = PBXFileReference; explicitFileType = wrapper.framework; includeInIndex = 0; path = Pods_ContactsApp.framework; sourceTree = BUILT_PRODUCTS_DIR; };
		C5561704987B87C55BB26DB1 /* Pods-ContactsApp.debug.xcconfig */ = {isa = PBXFileReference; includeInIndex = 1; lastKnownFileType = text.xcconfig; name = "Pods-ContactsApp.debug.xcconfig"; path = "Target Support Files/Pods-ContactsApp/Pods-ContactsApp.debug.xcconfig"; sourceTree = "<group>"; };
/* End PBXFileReference section */

/* Begin PBXFrameworksBuildPhase section */
		3651C4312DAA8BF800062B3D /* Frameworks */ = {
			isa = PBXFrameworksBuildPhase;
			buildActionMask = 2147483647;
			files = (
				8AA02D242DAD0E760035EEC5 /* RealmSwift in Frameworks */,
				8AA02D222DAD0E760035EEC5 /* Realm in Frameworks */,
				3CD41A65B337371CE9C2E3F5 /* Pods_ContactsApp.framework in Frameworks */,
			);
			runOnlyForDeploymentPostprocessing = 0;
		};
/* End PBXFrameworksBuildPhase section */

/* Begin PBXGroup section */
		3651C42B2DAA8BF800062B3D = {
			isa = PBXGroup;
			children = (
				3651C4362DAA8BF800062B3D /* ContactsApp */,
				3651C4352DAA8BF800062B3D /* Products */,
				4436BFC9F861B6C97889B751 /* Pods */,
				B7EBC498A487434530808344 /* Frameworks */,
			);
			sourceTree = "<group>";
		};
		3651C4352DAA8BF800062B3D /* Products */ = {
			isa = PBXGroup;
			children = (
				3651C4342DAA8BF800062B3D /* ContactsApp.app */,
			);
			name = Products;
			sourceTree = "<group>";
		};
		3651C4362DAA8BF800062B3D /* ContactsApp */ = {
			isa = PBXGroup;
			children = (
				365CB3552DABF88400D137B6 /* CustomTableViewCell.swift */,
				3651C44B2DAAAC3800062B3D /* AddPersonViewController.swift */,
				3651C4372DAA8BF800062B3D /* AppDelegate.swift */,
				3651C44F2DAABCEC00062B3D /* TableViewController.swift */,
				3651C4392DAA8BF800062B3D /* SceneDelegate.swift */,
				3651C4512DAACE8C00062B3D /* DetailViewController.swift */,
				3651C44D2DAABBC000062B3D /* Person.swift */,
				3651C43B2DAA8BF800062B3D /* ViewController.swift */,
				3651C43D2DAA8BF800062B3D /* Main.storyboard */,
				3651C4402DAA8BFB00062B3D /* Assets.xcassets */,
				3651C4422DAA8BFB00062B3D /* LaunchScreen.storyboard */,
				3651C4452DAA8BFB00062B3D /* Info.plist */,
			);
			path = ContactsApp;
			sourceTree = "<group>";
		};
		4436BFC9F861B6C97889B751 /* Pods */ = {
			isa = PBXGroup;
			children = (
				C5561704987B87C55BB26DB1 /* Pods-ContactsApp.debug.xcconfig */,
				42EF58838C52CA76B493469D /* Pods-ContactsApp.release.xcconfig */,
			);
			path = Pods;
			sourceTree = "<group>";
		};
		B7EBC498A487434530808344 /* Frameworks */ = {
			isa = PBXGroup;
			children = (
				6D726D2A95A43B785ACA034C /* Pods_ContactsApp.framework */,
			);
			name = Frameworks;
			sourceTree = "<group>";
		};
/* End PBXGroup section */

/* Begin PBXNativeTarget section */
		3651C4332DAA8BF800062B3D /* ContactsApp */ = {
			isa = PBXNativeTarget;
			buildConfigurationList = 3651C4482DAA8BFB00062B3D /* Build configuration list for PBXNativeTarget "ContactsApp" */;
			buildPhases = (
				B6F31D7F3CABBC94A6354636 /* [CP] Check Pods Manifest.lock */,
				3651C4302DAA8BF800062B3D /* Sources */,
				3651C4312DAA8BF800062B3D /* Frameworks */,
				3651C4322DAA8BF800062B3D /* Resources */,
				03264A0700F105FEECE5BBDC /* [CP] Embed Pods Frameworks */,
			);
			buildRules = (
			);
			dependencies = (
			);
			name = ContactsApp;
			productName = ContactsApp;
			productReference = 3651C4342DAA8BF800062B3D /* ContactsApp.app */;
			productType = "com.apple.product-type.application";
		};
/* End PBXNativeTarget section */

/* Begin PBXProject section */
		3651C42C2DAA8BF800062B3D /* Project object */ = {
			isa = PBXProject;
			attributes = {
				BuildIndependentTargetsInParallel = 1;
				LastSwiftUpdateCheck = 1430;
				LastUpgradeCheck = 1430;
				TargetAttributes = {
					3651C4332DAA8BF800062B3D = {
						CreatedOnToolsVersion = 14.3.1;
					};
				};
			};
			buildConfigurationList = 3651C42F2DAA8BF800062B3D /* Build configuration list for PBXProject "ContactsApp" */;
			compatibilityVersion = "Xcode 14.0";
			developmentRegion = en;
			hasScannedForEncodings = 0;
			knownRegions = (
				en,
				Base,
			);
			mainGroup = 3651C42B2DAA8BF800062B3D;
			packageReferences = (
				8AA02D202DAD0E760035EEC5 /* XCRemoteSwiftPackageReference "realm-swift" */,
			);
			productRefGroup = 3651C4352DAA8BF800062B3D /* Products */;
			projectDirPath = "";
			projectRoot = "";
			targets = (
				3651C4332DAA8BF800062B3D /* ContactsApp */,
			);
		};
/* End PBXProject section */

/* Begin PBXResourcesBuildPhase section */
		3651C4322DAA8BF800062B3D /* Resources */ = {
			isa = PBXResourcesBuildPhase;
			buildActionMask = 2147483647;
			files = (
				3651C4442DAA8BFB00062B3D /* LaunchScreen.storyboard in Resources */,
				3651C4412DAA8BFB00062B3D /* Assets.xcassets in Resources */,
				3651C43F2DAA8BF800062B3D /* Main.storyboard in Resources */,
			);
			runOnlyForDeploymentPostprocessing = 0;
		};
/* End PBXResourcesBuildPhase section */

/* Begin PBXShellScriptBuildPhase section */
		03264A0700F105FEECE5BBDC /* [CP] Embed Pods Frameworks */ = {
			isa = PBXShellScriptBuildPhase;
			buildActionMask = 2147483647;
			files = (
			);
			inputFileListPaths = (
				"${PODS_ROOT}/Target Support Files/Pods-ContactsApp/Pods-ContactsApp-frameworks-${CONFIGURATION}-input-files.xcfilelist",
			);
			name = "[CP] Embed Pods Frameworks";
			outputFileListPaths = (
				"${PODS_ROOT}/Target Support Files/Pods-ContactsApp/Pods-ContactsApp-frameworks-${CONFIGURATION}-output-files.xcfilelist",
			);
			runOnlyForDeploymentPostprocessing = 0;
			shellPath = /bin/sh;
			shellScript = "\"${PODS_ROOT}/Target Support Files/Pods-ContactsApp/Pods-ContactsApp-frameworks.sh\"\n";
			showEnvVarsInLog = 0;
		};
		B6F31D7F3CABBC94A6354636 /* [CP] Check Pods Manifest.lock */ = {
			isa = PBXShellScriptBuildPhase;
			buildActionMask = 2147483647;
			files = (
			);
			inputFileListPaths = (
			);
			inputPaths = (
				"${PODS_PODFILE_DIR_PATH}/Podfile.lock",
				"${PODS_ROOT}/Manifest.lock",
			);
			name = "[CP] Check Pods Manifest.lock";
			outputFileListPaths = (
			);
			outputPaths = (
				"$(DERIVED_FILE_DIR)/Pods-ContactsApp-checkManifestLockResult.txt",
			);
			runOnlyForDeploymentPostprocessing = 0;
			shellPath = /bin/sh;
			shellScript = "diff \"${PODS_PODFILE_DIR_PATH}/Podfile.lock\" \"${PODS_ROOT}/Manifest.lock\" > /dev/null\nif [ $? != 0 ] ; then\n    # print error to STDERR\n    echo \"error: The sandbox is not in sync with the Podfile.lock. Run 'pod install' or update your CocoaPods installation.\" >&2\n    exit 1\nfi\n# This output is used by Xcode 'outputs' to avoid re-running this script phase.\necho \"SUCCESS\" > \"${SCRIPT_OUTPUT_FILE_0}\"\n";
			showEnvVarsInLog = 0;
		};
/* End PBXShellScriptBuildPhase section */

/* Begin PBXSourcesBuildPhase section */
		3651C4302DAA8BF800062B3D /* Sources */ = {
			isa = PBXSourcesBuildPhase;
			buildActionMask = 2147483647;
			files = (
				3651C44E2DAABBC000062B3D /* Person.swift in Sources */,
				3651C4502DAABCEC00062B3D /* TableViewController.swift in Sources */,
				365CB3562DABF88400D137B6 /* CustomTableViewCell.swift in Sources */,
				3651C43C2DAA8BF800062B3D /* ViewController.swift in Sources */,
				3651C4382DAA8BF800062B3D /* AppDelegate.swift in Sources */,
				3651C43A2DAA8BF800062B3D /* SceneDelegate.swift in Sources */,
				3651C44C2DAAAC3800062B3D /* AddPersonViewController.swift in Sources */,
				3651C4522DAACE8C00062B3D /* DetailViewController.swift in Sources */,
			);
			runOnlyForDeploymentPostprocessing = 0;
		};
/* End PBXSourcesBuildPhase section */

/* Begin PBXVariantGroup section */
		3651C43D2DAA8BF800062B3D /* Main.storyboard */ = {
			isa = PBXVariantGroup;
			children = (
				3651C43E2DAA8BF800062B3D /* Base */,
			);
			name = Main.storyboard;
			sourceTree = "<group>";
		};
		3651C4422DAA8BFB00062B3D /* LaunchScreen.storyboard */ = {
			isa = PBXVariantGroup;
			children = (
				3651C4432DAA8BFB00062B3D /* Base */,
			);
			name = LaunchScreen.storyboard;
			sourceTree = "<group>";
		};
/* End PBXVariantGroup section */

/* Begin XCBuildConfiguration section */
		3651C4462DAA8BFB00062B3D /* Debug */ = {
			isa = XCBuildConfiguration;
			buildSettings = {
				ALWAYS_SEARCH_USER_PATHS = NO;
				CLANG_ANALYZER_NONNULL = YES;
				CLANG_ANALYZER_NUMBER_OBJECT_CONVERSION = YES_AGGRESSIVE;
				CLANG_CXX_LANGUAGE_STANDARD = "gnu++20";
				CLANG_ENABLE_MODULES = YES;
				CLANG_ENABLE_OBJC_ARC = YES;
				CLANG_ENABLE_OBJC_WEAK = YES;
				CLANG_WARN_BLOCK_CAPTURE_AUTORELEASING = YES;
				CLANG_WARN_BOOL_CONVERSION = YES;
				CLANG_WARN_COMMA = YES;
				CLANG_WARN_CONSTANT_CONVERSION = YES;
				CLANG_WARN_DEPRECATED_OBJC_IMPLEMENTATIONS = YES;
				CLANG_WARN_DIRECT_OBJC_ISA_USAGE = YES_ERROR;
				CLANG_WARN_DOCUMENTATION_COMMENTS = YES;
				CLANG_WARN_EMPTY_BODY = YES;
				CLANG_WARN_ENUM_CONVERSION = YES;
				CLANG_WARN_INFINITE_RECURSION = YES;
				CLANG_WARN_INT_CONVERSION = YES;
				CLANG_WARN_NON_LITERAL_NULL_CONVERSION = YES;
				CLANG_WARN_OBJC_IMPLICIT_RETAIN_SELF = YES;
				CLANG_WARN_OBJC_LITERAL_CONVERSION = YES;
				CLANG_WARN_OBJC_ROOT_CLASS = YES_ERROR;
				CLANG_WARN_QUOTED_INCLUDE_IN_FRAMEWORK_HEADER = YES;
				CLANG_WARN_RANGE_LOOP_ANALYSIS = YES;
				CLANG_WARN_STRICT_PROTOTYPES = YES;
				CLANG_WARN_SUSPICIOUS_MOVE = YES;
				CLANG_WARN_UNGUARDED_AVAILABILITY = YES_AGGRESSIVE;
				CLANG_WARN_UNREACHABLE_CODE = YES;
				CLANG_WARN__DUPLICATE_METHOD_MATCH = YES;
				COPY_PHASE_STRIP = NO;
				DEBUG_INFORMATION_FORMAT = dwarf;
				ENABLE_STRICT_OBJC_MSGSEND = YES;
				ENABLE_TESTABILITY = YES;
				GCC_C_LANGUAGE_STANDARD = gnu11;
				GCC_DYNAMIC_NO_PIC = NO;
				GCC_NO_COMMON_BLOCKS = YES;
				GCC_OPTIMIZATION_LEVEL = 0;
				GCC_PREPROCESSOR_DEFINITIONS = (
					"DEBUG=1",
					"$(inherited)",
				);
				GCC_WARN_64_TO_32_BIT_CONVERSION = YES;
				GCC_WARN_ABOUT_RETURN_TYPE = YES_ERROR;
				GCC_WARN_UNDECLARED_SELECTOR = YES;
				GCC_WARN_UNINITIALIZED_AUTOS = YES_AGGRESSIVE;
				GCC_WARN_UNUSED_FUNCTION = YES;
				GCC_WARN_UNUSED_VARIABLE = YES;
				IPHONEOS_DEPLOYMENT_TARGET = 16.4;
				MTL_ENABLE_DEBUG_INFO = INCLUDE_SOURCE;
				MTL_FAST_MATH = YES;
				ONLY_ACTIVE_ARCH = YES;
				SDKROOT = iphoneos;
				SWIFT_ACTIVE_COMPILATION_CONDITIONS = DEBUG;
				SWIFT_OPTIMIZATION_LEVEL = "-Onone";
			};
			name = Debug;
		};
		3651C4472DAA8BFB00062B3D /* Release */ = {
			isa = XCBuildConfiguration;
			buildSettings = {
				ALWAYS_SEARCH_USER_PATHS = NO;
				CLANG_ANALYZER_NONNULL = YES;
				CLANG_ANALYZER_NUMBER_OBJECT_CONVERSION = YES_AGGRESSIVE;
				CLANG_CXX_LANGUAGE_STANDARD = "gnu++20";
				CLANG_ENABLE_MODULES = YES;
				CLANG_ENABLE_OBJC_ARC = YES;
				CLANG_ENABLE_OBJC_WEAK = YES;
				CLANG_WARN_BLOCK_CAPTURE_AUTORELEASING = YES;
				CLANG_WARN_BOOL_CONVERSION = YES;
				CLANG_WARN_COMMA = YES;
				CLANG_WARN_CONSTANT_CONVERSION = YES;
				CLANG_WARN_DEPRECATED_OBJC_IMPLEMENTATIONS = YES;
				CLANG_WARN_DIRECT_OBJC_ISA_USAGE = YES_ERROR;
				CLANG_WARN_DOCUMENTATION_COMMENTS = YES;
				CLANG_WARN_EMPTY_BODY = YES;
				CLANG_WARN_ENUM_CONVERSION = YES;
				CLANG_WARN_INFINITE_RECURSION = YES;
				CLANG_WARN_INT_CONVERSION = YES;
				CLANG_WARN_NON_LITERAL_NULL_CONVERSION = YES;
				CLANG_WARN_OBJC_IMPLICIT_RETAIN_SELF = YES;
				CLANG_WARN_OBJC_LITERAL_CONVERSION = YES;
				CLANG_WARN_OBJC_ROOT_CLASS = YES_ERROR;
				CLANG_WARN_QUOTED_INCLUDE_IN_FRAMEWORK_HEADER = YES;
				CLANG_WARN_RANGE_LOOP_ANALYSIS = YES;
				CLANG_WARN_STRICT_PROTOTYPES = YES;
				CLANG_WARN_SUSPICIOUS_MOVE = YES;
				CLANG_WARN_UNGUARDED_AVAILABILITY = YES_AGGRESSIVE;
				CLANG_WARN_UNREACHABLE_CODE = YES;
				CLANG_WARN__DUPLICATE_METHOD_MATCH = YES;
				COPY_PHASE_STRIP = NO;
				DEBUG_INFORMATION_FORMAT = "dwarf-with-dsym";
				ENABLE_NS_ASSERTIONS = NO;
				ENABLE_STRICT_OBJC_MSGSEND = YES;
				GCC_C_LANGUAGE_STANDARD = gnu11;
				GCC_NO_COMMON_BLOCKS = YES;
				GCC_WARN_64_TO_32_BIT_CONVERSION = YES;
				GCC_WARN_ABOUT_RETURN_TYPE = YES_ERROR;
				GCC_WARN_UNDECLARED_SELECTOR = YES;
				GCC_WARN_UNINITIALIZED_AUTOS = YES_AGGRESSIVE;
				GCC_WARN_UNUSED_FUNCTION = YES;
				GCC_WARN_UNUSED_VARIABLE = YES;
				IPHONEOS_DEPLOYMENT_TARGET = 16.4;
				MTL_ENABLE_DEBUG_INFO = NO;
				MTL_FAST_MATH = YES;
				SDKROOT = iphoneos;
				SWIFT_COMPILATION_MODE = wholemodule;
				SWIFT_OPTIMIZATION_LEVEL = "-O";
				VALIDATE_PRODUCT = YES;
			};
			name = Release;
		};
		3651C4492DAA8BFB00062B3D /* Debug */ = {
			isa = XCBuildConfiguration;
			baseConfigurationReference = C5561704987B87C55BB26DB1 /* Pods-ContactsApp.debug.xcconfig */;
			buildSettings = {
				ASSETCATALOG_COMPILER_APPICON_NAME = AppIcon;
				ASSETCATALOG_COMPILER_GLOBAL_ACCENT_COLOR_NAME = AccentColor;
				CODE_SIGN_STYLE = Automatic;
				CURRENT_PROJECT_VERSION = 1;
				GENERATE_INFOPLIST_FILE = YES;
				INFOPLIST_FILE = ContactsApp/Info.plist;
				INFOPLIST_KEY_UIApplicationSupportsIndirectInputEvents = YES;
				INFOPLIST_KEY_UILaunchStoryboardName = LaunchScreen;
				INFOPLIST_KEY_UIMainStoryboardFile = Main;
				INFOPLIST_KEY_UISupportedInterfaceOrientations_iPad = "UIInterfaceOrientationPortrait UIInterfaceOrientationPortraitUpsideDown UIInterfaceOrientationLandscapeLeft UIInterfaceOrientationLandscapeRight";
				INFOPLIST_KEY_UISupportedInterfaceOrientations_iPhone = "UIInterfaceOrientationPortrait UIInterfaceOrientationLandscapeLeft UIInterfaceOrientationLandscapeRight";
				LD_RUNPATH_SEARCH_PATHS = (
					"$(inherited)",
					"@executable_path/Frameworks",
				);
				MARKETING_VERSION = 1.0;
				PRODUCT_BUNDLE_IDENTIFIER = Za.ContactsApp;
				PRODUCT_NAME = "$(TARGET_NAME)";
				SWIFT_EMIT_LOC_STRINGS = YES;
				SWIFT_VERSION = 5.0;
				TARGETED_DEVICE_FAMILY = "1,2";
			};
			name = Debug;
		};
		3651C44A2DAA8BFB00062B3D /* Release */ = {
			isa = XCBuildConfiguration;
			baseConfigurationReference = 42EF58838C52CA76B493469D /* Pods-ContactsApp.release.xcconfig */;
			buildSettings = {
				ASSETCATALOG_COMPILER_APPICON_NAME = AppIcon;
				ASSETCATALOG_COMPILER_GLOBAL_ACCENT_COLOR_NAME = AccentColor;
				CODE_SIGN_STYLE = Automatic;
				CURRENT_PROJECT_VERSION = 1;
				GENERATE_INFOPLIST_FILE = YES;
				INFOPLIST_FILE = ContactsApp/Info.plist;
				INFOPLIST_KEY_UIApplicationSupportsIndirectInputEvents = YES;
				INFOPLIST_KEY_UILaunchStoryboardName = LaunchScreen;
				INFOPLIST_KEY_UIMainStoryboardFile = Main;
				INFOPLIST_KEY_UISupportedInterfaceOrientations_iPad = "UIInterfaceOrientationPortrait UIInterfaceOrientationPortraitUpsideDown UIInterfaceOrientationLandscapeLeft UIInterfaceOrientationLandscapeRight";
				INFOPLIST_KEY_UISupportedInterfaceOrientations_iPhone = "UIInterfaceOrientationPortrait UIInterfaceOrientationLandscapeLeft UIInterfaceOrientationLandscapeRight";
				LD_RUNPATH_SEARCH_PATHS = (
					"$(inherited)",
					"@executable_path/Frameworks",
				);
				MARKETING_VERSION = 1.0;
				PRODUCT_BUNDLE_IDENTIFIER = Za.ContactsApp;
				PRODUCT_NAME = "$(TARGET_NAME)";
				SWIFT_EMIT_LOC_STRINGS = YES;
				SWIFT_VERSION = 5.0;
				TARGETED_DEVICE_FAMILY = "1,2";
			};
			name = Release;
		};
/* End XCBuildConfiguration section */

/* Begin XCConfigurationList section */
		3651C42F2DAA8BF800062B3D /* Build configuration list for PBXProject "ContactsApp" */ = {
			isa = XCConfigurationList;
			buildConfigurations = (
				3651C4462DAA8BFB00062B3D /* Debug */,
				3651C4472DAA8BFB00062B3D /* Release */,
			);
			defaultConfigurationIsVisible = 0;
			defaultConfigurationName = Release;
		};
		3651C4482DAA8BFB00062B3D /* Build configuration list for PBXNativeTarget "ContactsApp" */ = {
			isa = XCConfigurationList;
			buildConfigurations = (
				3651C4492DAA8BFB00062B3D /* Debug */,
				3651C44A2DAA8BFB00062B3D /* Release */,
			);
			defaultConfigurationIsVisible = 0;
			defaultConfigurationName = Release;
		};
/* End XCConfigurationList section */

/* Begin XCRemoteSwiftPackageReference section */
		8AA02D202DAD0E760035EEC5 /* XCRemoteSwiftPackageReference "realm-swift" */ = {
			isa = XCRemoteSwiftPackageReference;
			repositoryURL = "https://github.com/realm/realm-swift";
			requirement = {
				branch = master;
				kind = branch;
			};
		};
/* End XCRemoteSwiftPackageReference section */

/* Begin XCSwiftPackageProductDependency section */
		8AA02D212DAD0E760035EEC5 /* Realm */ = {
			isa = XCSwiftPackageProductDependency;
			package = 8AA02D202DAD0E760035EEC5 /* XCRemoteSwiftPackageReference "realm-swift" */;
			productName = Realm;
		};
		8AA02D232DAD0E760035EEC5 /* RealmSwift */ = {
			isa = XCSwiftPackageProductDependency;
			package = 8AA02D202DAD0E760035EEC5 /* XCRemoteSwiftPackageReference "realm-swift" */;
			productName = RealmSwift;
		};
/* End XCSwiftPackageProductDependency section */
	};
	rootObject = 3651C42C2DAA8BF800062B3D /* Project object */;
}
